
Microsoft Visual Studio Solution File, Format Version 12.00
# Visual Studio Version 17
VisualStudioVersion = 17.10.35027.167
MinimumVisualStudioVersion = 10.0.40219.1
Project("{FAE04EC0-301F-11D3-BF4B-00C04F79EFBC}") = "Practica DIP(Sin implementar este principio)", "Practica DIP(Sin implementar este principio).csproj", "{74EC4E89-58C8-4CBE-A027-67F8A0A08BF5}"
EndProject
Global
	GlobalSection(SolutionConfigurationPlatforms) = preSolution
		Debug|Any CPU = Debug|Any CPU
		Release|Any CPU = Release|Any CPU
	EndGlobalSection
	GlobalSection(ProjectConfigurationPlatforms) = postSolution
		{74EC4E89-58C8-4CBE-A027-67F8A0A08BF5}.Debug|Any CPU.ActiveCfg = Debug|Any CPU
		{74EC4E89-58C8-4CBE-A027-67F8A0A08BF5}.Debug|Any CPU.Build.0 = Debug|Any CPU
		{74EC4E89-58C8-4CBE-A027-67F8A0A08BF5}.Release|Any CPU.ActiveCfg = Release|Any CPU
		{74EC4E89-58C8-4CBE-A027-67F8A0A08BF5}.Release|Any CPU.Build.0 = Release|Any CPU
	EndGlobalSection
	GlobalSection(SolutionProperties) = preSolution
		HideSolutionNode = FALSE
	EndGlobalSection
	GlobalSection(ExtensibilityGlobals) = postSolution
		SolutionGuid = {1E01196D-550F-4477-9585-5CD0D0B61472}
	EndGlobalSection
EndGlobal
